
Microsoft Visual Studio Solution File, Format Version 12.00
# Visual Studio Version 17
VisualStudioVersion = 17.11.35222.181
MinimumVisualStudioVersion = 10.0.40219.1
Project("{FAE04EC0-301F-11D3-BF4B-00C04F79EFBC}") = "Zd1", "Zd1\Zd1.csproj", "{C9DFA5B9-BB5F-4985-B593-1215BFD7B275}"
EndProject
Global
	GlobalSection(SolutionConfigurationPlatforms) = preSolution
		Debug|Any CPU = Debug|Any CPU
		Release|Any CPU = Release|Any CPU
	EndGlobalSection
	GlobalSection(ProjectConfigurationPlatforms) = postSolution
		{C9DFA5B9-BB5F-4985-B593-1215BFD7B275}.Debug|Any CPU.ActiveCfg = Debug|Any CPU
		{C9DFA5B9-BB5F-4985-B593-1215BFD7B275}.Debug|Any CPU.Build.0 = Debug|Any CPU
		{C9DFA5B9-BB5F-4985-B593-1215BFD7B275}.Release|Any CPU.ActiveCfg = Release|Any CPU
		{C9DFA5B9-BB5F-4985-B593-1215BFD7B275}.Release|Any CPU.Build.0 = Release|Any CPU
	EndGlobalSection
	GlobalSection(SolutionProperties) = preSolution
		HideSolutionNode = FALSE
	EndGlobalSection
	GlobalSection(ExtensibilityGlobals) = postSolution
		SolutionGuid = {34AC86BC-16D0-4CC8-BC89-686E1EB334BF}
	EndGlobalSection
EndGlobal
